
Microsoft Visual Studio Solution File, Format Version 12.00
# Visual Studio 15
VisualStudioVersion = 15.0.26430.15
MinimumVisualStudioVersion = 10.0.40219.1
Project("{FAE04EC0-301F-11D3-BF4B-00C04F79EFBC}") = "Exmples01", "Exmples01\Exmples01.csproj", "{D7F0A040-5BBE-42D6-B6C9-19994496E6DF}"
EndProject
Project("{FAE04EC0-301F-11D3-BF4B-00C04F79EFBC}") = "Examples02", "Examples02\Examples02.csproj", "{6FF0C305-AB66-462D-B5FC-82B6A283113F}"
EndProject
Project("{FAE04EC0-301F-11D3-BF4B-00C04F79EFBC}") = "StudentManagementLibrary", "..\StudentManagementLibrary\StudentManagementLibrary\StudentManagementLibrary.csproj", "{1977F0B6-7BE0-40FC-9352-6F371105BB46}"
EndProject
Project("{FAE04EC0-301F-11D3-BF4B-00C04F79EFBC}") = "Examples03", "Examples03\Examples03.csproj", "{F71777D6-10B8-4824-8784-4750FF8AF998}"
EndProject
Project("{FAE04EC0-301F-11D3-BF4B-00C04F79EFBC}") = "Examples04", "Examples04\Examples04.csproj", "{795329A1-E533-447E-AD7B-38F91FCEFF20}"
EndProject
Global
	GlobalSection(SolutionConfigurationPlatforms) = preSolution
		Debug|Any CPU = Debug|Any CPU
		Release|Any CPU = Release|Any CPU
	EndGlobalSection
	GlobalSection(ProjectConfigurationPlatforms) = postSolution
		{D7F0A040-5BBE-42D6-B6C9-19994496E6DF}.Debug|Any CPU.ActiveCfg = Debug|Any CPU
		{D7F0A040-5BBE-42D6-B6C9-19994496E6DF}.Debug|Any CPU.Build.0 = Debug|Any CPU
		{D7F0A040-5BBE-42D6-B6C9-19994496E6DF}.Release|Any CPU.ActiveCfg = Release|Any CPU
		{D7F0A040-5BBE-42D6-B6C9-19994496E6DF}.Release|Any CPU.Build.0 = Release|Any CPU
		{6FF0C305-AB66-462D-B5FC-82B6A283113F}.Debug|Any CPU.ActiveCfg = Debug|Any CPU
		{6FF0C305-AB66-462D-B5FC-82B6A283113F}.Debug|Any CPU.Build.0 = Debug|Any CPU
		{6FF0C305-AB66-462D-B5FC-82B6A283113F}.Release|Any CPU.ActiveCfg = Release|Any CPU
		{6FF0C305-AB66-462D-B5FC-82B6A283113F}.Release|Any CPU.Build.0 = Release|Any CPU
		{1977F0B6-7BE0-40FC-9352-6F371105BB46}.Debug|Any CPU.ActiveCfg = Debug|Any CPU
		{1977F0B6-7BE0-40FC-9352-6F371105BB46}.Debug|Any CPU.Build.0 = Debug|Any CPU
		{1977F0B6-7BE0-40FC-9352-6F371105BB46}.Release|Any CPU.ActiveCfg = Release|Any CPU
		{1977F0B6-7BE0-40FC-9352-6F371105BB46}.Release|Any CPU.Build.0 = Release|Any CPU
		{F71777D6-10B8-4824-8784-4750FF8AF998}.Debug|Any CPU.ActiveCfg = Debug|Any CPU
		{F71777D6-10B8-4824-8784-4750FF8AF998}.Debug|Any CPU.Build.0 = Debug|Any CPU
		{F71777D6-10B8-4824-8784-4750FF8AF998}.Release|Any CPU.ActiveCfg = Release|Any CPU
		{F71777D6-10B8-4824-8784-4750FF8AF998}.Release|Any CPU.Build.0 = Release|Any CPU
		{795329A1-E533-447E-AD7B-38F91FCEFF20}.Debug|Any CPU.ActiveCfg = Debug|Any CPU
		{795329A1-E533-447E-AD7B-38F91FCEFF20}.Debug|Any CPU.Build.0 = Debug|Any CPU
		{795329A1-E533-447E-AD7B-38F91FCEFF20}.Release|Any CPU.ActiveCfg = Release|Any CPU
		{795329A1-E533-447E-AD7B-38F91FCEFF20}.Release|Any CPU.Build.0 = Release|Any CPU
	EndGlobalSection
	GlobalSection(SolutionProperties) = preSolution
		HideSolutionNode = FALSE
	EndGlobalSection
EndGlobal
